// !$*UTF8*$!
{
	archiveVersion = 1;
	classes = {
	};
	objectVersion = 56;
	objects = {

/* Begin PBXBuildFile section */
		2ED42AF72BE3B89600818FF8 /* AppDelegate.swift in Sources */ = {isa = PBXBuildFile; fileRef = 2ED42AF62BE3B89600818FF8 /* AppDelegate.swift */; };
		2ED42AF92BE3B89600818FF8 /* SceneDelegate.swift in Sources */ = {isa = PBXBuildFile; fileRef = 2ED42AF82BE3B89600818FF8 /* SceneDelegate.swift */; };
		2ED42AFB2BE3B89600818FF8 /* ViewController.swift in Sources */ = {isa = PBXBuildFile; fileRef = 2ED42AFA2BE3B89600818FF8 /* ViewController.swift */; };
		2ED42B032BE3B89700818FF8 /* LaunchScreen.storyboard in Resources */ = {isa = PBXBuildFile; fileRef = 2ED42B012BE3B89700818FF8 /* LaunchScreen.storyboard */; };
		2ED42B122BE4256D00818FF8 /* TabelModel.swift in Sources */ = {isa = PBXBuildFile; fileRef = 2ED42B112BE4256D00818FF8 /* TabelModel.swift */; };
		2ED42B142BE4258200818FF8 /* TabelView.swift in Sources */ = {isa = PBXBuildFile; fileRef = 2ED42B132BE4258200818FF8 /* TabelView.swift */; };
		2ED42B172BE4261400818FF8 /* SnapKit in Frameworks */ = {isa = PBXBuildFile; productRef = 2ED42B162BE4261400818FF8 /* SnapKit */; };
		2ED42B192BE4261400818FF8 /* SnapKit-Dynamic in Frameworks */ = {isa = PBXBuildFile; productRef = 2ED42B182BE4261400818FF8 /* SnapKit-Dynamic */; };
		2ED42B212BE4303700818FF8 /* Assets.xcassets in Resources */ = {isa = PBXBuildFile; fileRef = 2ED42B202BE4303700818FF8 /* Assets.xcassets */; };
/* End PBXBuildFile section */

/* Begin PBXFileReference section */
		2ED42AF32BE3B89600818FF8 /* Settings.app */ = {isa = PBXFileReference; explicitFileType = wrapper.application; includeInIndex = 0; path = Settings.app; sourceTree = BUILT_PRODUCTS_DIR; };
		2ED42AF62BE3B89600818FF8 /* AppDelegate.swift */ = {isa = PBXFileReference; lastKnownFileType = sourcecode.swift; path = AppDelegate.swift; sourceTree = "<group>"; };
		2ED42AF82BE3B89600818FF8 /* SceneDelegate.swift */ = {isa = PBXFileReference; lastKnownFileType = sourcecode.swift; path = SceneDelegate.swift; sourceTree = "<group>"; };
		2ED42AFA2BE3B89600818FF8 /* ViewController.swift */ = {isa = PBXFileReference; lastKnownFileType = sourcecode.swift; path = ViewController.swift; sourceTree = "<group>"; };
		2ED42B022BE3B89700818FF8 /* Base */ = {isa = PBXFileReference; lastKnownFileType = file.storyboard; name = Base; path = Base.lproj/LaunchScreen.storyboard; sourceTree = "<group>"; };
		2ED42B042BE3B89700818FF8 /* Info.plist */ = {isa = PBXFileReference; lastKnownFileType = text.plist.xml; path = Info.plist; sourceTree = "<group>"; };
		2ED42B112BE4256D00818FF8 /* TabelModel.swift */ = {isa = PBXFileReference; lastKnownFileType = sourcecode.swift; path = TabelModel.swift; sourceTree = "<group>"; };
		2ED42B132BE4258200818FF8 /* TabelView.swift */ = {isa = PBXFileReference; lastKnownFileType = sourcecode.swift; path = TabelView.swift; sourceTree = "<group>"; };
		2ED42B202BE4303700818FF8 /* Assets.xcassets */ = {isa = PBXFileReference; lastKnownFileType = folder.assetcatalog; path = Assets.xcassets; sourceTree = "<group>"; };
/* End PBXFileReference section */

/* Begin PBXFrameworksBuildPhase section */
		2ED42AF02BE3B89600818FF8 /* Frameworks */ = {
			isa = PBXFrameworksBuildPhase;
			buildActionMask = 2147483647;
			files = (
				2ED42B172BE4261400818FF8 /* SnapKit in Frameworks */,
				2ED42B192BE4261400818FF8 /* SnapKit-Dynamic in Frameworks */,
			);
			runOnlyForDeploymentPostprocessing = 0;
		};
/* End PBXFrameworksBuildPhase section */

/* Begin PBXGroup section */
		2ED42AEA2BE3B89600818FF8 = {
			isa = PBXGroup;
			children = (
				2ED42AF52BE3B89600818FF8 /* Settings */,
				2ED42AF42BE3B89600818FF8 /* Products */,
			);
			sourceTree = "<group>";
		};
		2ED42AF42BE3B89600818FF8 /* Products */ = {
			isa = PBXGroup;
			children = (
				2ED42AF32BE3B89600818FF8 /* Settings.app */,
			);
			name = Products;
			sourceTree = "<group>";
		};
		2ED42AF52BE3B89600818FF8 /* Settings */ = {
			isa = PBXGroup;
			children = (
				2ED42B0A2BE424C400818FF8 /* Resources */,
				2ED42B0B2BE424FD00818FF8 /* Sources */,
				2ED42B012BE3B89700818FF8 /* LaunchScreen.storyboard */,
				2ED42B042BE3B89700818FF8 /* Info.plist */,
			);
			path = Settings;
			sourceTree = "<group>";
		};
		2ED42B0A2BE424C400818FF8 /* Resources */ = {
			isa = PBXGroup;
			children = (
				2ED42B202BE4303700818FF8 /* Assets.xcassets */,
			);
			path = Resources;
			sourceTree = "<group>";
		};
		2ED42B0B2BE424FD00818FF8 /* Sources */ = {
			isa = PBXGroup;
			children = (
				2ED42B0D2BE4251D00818FF8 /* Scenes */,
				2ED42B0C2BE4251600818FF8 /* App */,
			);
			path = Sources;
			sourceTree = "<group>";
		};
		2ED42B0C2BE4251600818FF8 /* App */ = {
			isa = PBXGroup;
			children = (
				2ED42AF82BE3B89600818FF8 /* SceneDelegate.swift */,
				2ED42AF62BE3B89600818FF8 /* AppDelegate.swift */,
			);
			path = App;
			sourceTree = "<group>";
		};
		2ED42B0D2BE4251D00818FF8 /* Scenes */ = {
			isa = PBXGroup;
			children = (
				2ED42B102BE4254A00818FF8 /* Controller */,
				2ED42B0F2BE4254000818FF8 /* View */,
				2ED42B0E2BE4253700818FF8 /* Model */,
			);
			path = Scenes;
			sourceTree = "<group>";
		};
		2ED42B0E2BE4253700818FF8 /* Model */ = {
			isa = PBXGroup;
			children = (
				2ED42B112BE4256D00818FF8 /* TabelModel.swift */,
			);
			path = Model;
			sourceTree = "<group>";
		};
		2ED42B0F2BE4254000818FF8 /* View */ = {
			isa = PBXGroup;
			children = (
				2ED42B132BE4258200818FF8 /* TabelView.swift */,
			);
			path = View;
			sourceTree = "<group>";
		};
		2ED42B102BE4254A00818FF8 /* Controller */ = {
			isa = PBXGroup;
			children = (
				2ED42AFA2BE3B89600818FF8 /* ViewController.swift */,
			);
			path = Controller;
			sourceTree = "<group>";
		};
/* End PBXGroup section */

/* Begin PBXNativeTarget section */
		2ED42AF22BE3B89600818FF8 /* Settings */ = {
			isa = PBXNativeTarget;
			buildConfigurationList = 2ED42B072BE3B89700818FF8 /* Build configuration list for PBXNativeTarget "Settings" */;
			buildPhases = (
				2ED42AEF2BE3B89600818FF8 /* Sources */,
				2ED42AF02BE3B89600818FF8 /* Frameworks */,
				2ED42AF12BE3B89600818FF8 /* Resources */,
			);
			buildRules = (
			);
			dependencies = (
			);
			name = Settings;
			packageProductDependencies = (
				2ED42B162BE4261400818FF8 /* SnapKit */,
				2ED42B182BE4261400818FF8 /* SnapKit-Dynamic */,
			);
			productName = Settings;
			productReference = 2ED42AF32BE3B89600818FF8 /* Settings.app */;
			productType = "com.apple.product-type.application";
		};
/* End PBXNativeTarget section */

/* Begin PBXProject section */
		2ED42AEB2BE3B89600818FF8 /* Project object */ = {
			isa = PBXProject;
			attributes = {
				BuildIndependentTargetsInParallel = 1;
				LastSwiftUpdateCheck = 1510;
				LastUpgradeCheck = 1510;
				TargetAttributes = {
					2ED42AF22BE3B89600818FF8 = {
						CreatedOnToolsVersion = 15.1;
					};
				};
			};
			buildConfigurationList = 2ED42AEE2BE3B89600818FF8 /* Build configuration list for PBXProject "Settings" */;
			compatibilityVersion = "Xcode 14.0";
			developmentRegion = en;
			hasScannedForEncodings = 0;
			knownRegions = (
				en,
				Base,
			);
			mainGroup = 2ED42AEA2BE3B89600818FF8;
			packageReferences = (
				2ED42B152BE4261400818FF8 /* XCRemoteSwiftPackageReference "SnapKit" */,
			);
			productRefGroup = 2ED42AF42BE3B89600818FF8 /* Products */;
			projectDirPath = "";
			projectRoot = "";
			targets = (
				2ED42AF22BE3B89600818FF8 /* Settings */,
			);
		};
/* End PBXProject section */

/* Begin PBXResourcesBuildPhase section */
		2ED42AF12BE3B89600818FF8 /* Resources */ = {
			isa = PBXResourcesBuildPhase;
			buildActionMask = 2147483647;
			files = (
				2ED42B032BE3B89700818FF8 /* LaunchScreen.storyboard in Resources */,
				2ED42B212BE4303700818FF8 /* Assets.xcassets in Resources */,
			);
			runOnlyForDeploymentPostprocessing = 0;
		};
/* End PBXResourcesBuildPhase section */

/* Begin PBXSourcesBuildPhase section */
		2ED42AEF2BE3B89600818FF8 /* Sources */ = {
			isa = PBXSourcesBuildPhase;
			buildActionMask = 2147483647;
			files = (
				2ED42B142BE4258200818FF8 /* TabelView.swift in Sources */,
				2ED42B122BE4256D00818FF8 /* TabelModel.swift in Sources */,
				2ED42AFB2BE3B89600818FF8 /* ViewController.swift in Sources */,
				2ED42AF72BE3B89600818FF8 /* AppDelegate.swift in Sources */,
				2ED42AF92BE3B89600818FF8 /* SceneDelegate.swift in Sources */,
			);
			runOnlyForDeploymentPostprocessing = 0;
		};
/* End PBXSourcesBuildPhase section */

/* Begin PBXVariantGroup section */
		2ED42B012BE3B89700818FF8 /* LaunchScreen.storyboard */ = {
			isa = PBXVariantGroup;
			children = (
				2ED42B022BE3B89700818FF8 /* Base */,
			);
			name = LaunchScreen.storyboard;
			sourceTree = "<group>";
		};
/* End PBXVariantGroup section */

/* Begin XCBuildConfiguration section */
		2ED42B052BE3B89700818FF8 /* Debug */ = {
			isa = XCBuildConfiguration;
			buildSettings = {
				ALWAYS_SEARCH_USER_PATHS = NO;
				ASSETCATALOG_COMPILER_GENERATE_SWIFT_ASSET_SYMBOL_EXTENSIONS = YES;
				CLANG_ANALYZER_NONNULL = YES;
				CLANG_ANALYZER_NUMBER_OBJECT_CONVERSION = YES_AGGRESSIVE;
				CLANG_CXX_LANGUAGE_STANDARD = "gnu++20";
				CLANG_ENABLE_MODULES = YES;
				CLANG_ENABLE_OBJC_ARC = YES;
				CLANG_ENABLE_OBJC_WEAK = YES;
				CLANG_WARN_BLOCK_CAPTURE_AUTORELEASING = YES;
				CLANG_WARN_BOOL_CONVERSION = YES;
				CLANG_WARN_COMMA = YES;
				CLANG_WARN_CONSTANT_CONVERSION = YES;
				CLANG_WARN_DEPRECATED_OBJC_IMPLEMENTATIONS = YES;
				CLANG_WARN_DIRECT_OBJC_ISA_USAGE = YES_ERROR;
				CLANG_WARN_DOCUMENTATION_COMMENTS = YES;
				CLANG_WARN_EMPTY_BODY = YES;
				CLANG_WARN_ENUM_CONVERSION = YES;
				CLANG_WARN_INFINITE_RECURSION = YES;
				CLANG_WARN_INT_CONVERSION = YES;
				CLANG_WARN_NON_LITERAL_NULL_CONVERSION = YES;
				CLANG_WARN_OBJC_IMPLICIT_RETAIN_SELF = YES;
				CLANG_WARN_OBJC_LITERAL_CONVERSION = YES;
				CLANG_WARN_OBJC_ROOT_CLASS = YES_ERROR;
				CLANG_WARN_QUOTED_INCLUDE_IN_FRAMEWORK_HEADER = YES;
				CLANG_WARN_RANGE_LOOP_ANALYSIS = YES;
				CLANG_WARN_STRICT_PROTOTYPES = YES;
				CLANG_WARN_SUSPICIOUS_MOVE = YES;
				CLANG_WARN_UNGUARDED_AVAILABILITY = YES_AGGRESSIVE;
				CLANG_WARN_UNREACHABLE_CODE = YES;
				CLANG_WARN__DUPLICATE_METHOD_MATCH = YES;
				COPY_PHASE_STRIP = NO;
				DEBUG_INFORMATION_FORMAT = dwarf;
				ENABLE_STRICT_OBJC_MSGSEND = YES;
				ENABLE_TESTABILITY = YES;
				ENABLE_USER_SCRIPT_SANDBOXING = YES;
				GCC_C_LANGUAGE_STANDARD = gnu17;
				GCC_DYNAMIC_NO_PIC = NO;
				GCC_NO_COMMON_BLOCKS = YES;
				GCC_OPTIMIZATION_LEVEL = 0;
				GCC_PREPROCESSOR_DEFINITIONS = (
					"DEBUG=1",
					"$(inherited)",
				);
				GCC_WARN_64_TO_32_BIT_CONVERSION = YES;
				GCC_WARN_ABOUT_RETURN_TYPE = YES_ERROR;
				GCC_WARN_UNDECLARED_SELECTOR = YES;
				GCC_WARN_UNINITIALIZED_AUTOS = YES_AGGRESSIVE;
				GCC_WARN_UNUSED_FUNCTION = YES;
				GCC_WARN_UNUSED_VARIABLE = YES;
				IPHONEOS_DEPLOYMENT_TARGET = 17.2;
				LOCALIZATION_PREFERS_STRING_CATALOGS = YES;
				MTL_ENABLE_DEBUG_INFO = INCLUDE_SOURCE;
				MTL_FAST_MATH = YES;
				ONLY_ACTIVE_ARCH = YES;
				SDKROOT = iphoneos;
				SWIFT_ACTIVE_COMPILATION_CONDITIONS = "DEBUG $(inherited)";
				SWIFT_OPTIMIZATION_LEVEL = "-Onone";
			};
			name = Debug;
		};
		2ED42B062BE3B89700818FF8 /* Release */ = {
			isa = XCBuildConfiguration;
			buildSettings = {
				ALWAYS_SEARCH_USER_PATHS = NO;
				ASSETCATALOG_COMPILER_GENERATE_SWIFT_ASSET_SYMBOL_EXTENSIONS = YES;
				CLANG_ANALYZER_NONNULL = YES;
				CLANG_ANALYZER_NUMBER_OBJECT_CONVERSION = YES_AGGRESSIVE;
				CLANG_CXX_LANGUAGE_STANDARD = "gnu++20";
				CLANG_ENABLE_MODULES = YES;
				CLANG_ENABLE_OBJC_ARC = YES;
				CLANG_ENABLE_OBJC_WEAK = YES;
				CLANG_WARN_BLOCK_CAPTURE_AUTORELEASING = YES;
				CLANG_WARN_BOOL_CONVERSION = YES;
				CLANG_WARN_COMMA = YES;
				CLANG_WARN_CONSTANT_CONVERSION = YES;
				CLANG_WARN_DEPRECATED_OBJC_IMPLEMENTATIONS = YES;
				CLANG_WARN_DIRECT_OBJC_ISA_USAGE = YES_ERROR;
				CLANG_WARN_DOCUMENTATION_COMMENTS = YES;
				CLANG_WARN_EMPTY_BODY = YES;
				CLANG_WARN_ENUM_CONVERSION = YES;
				CLANG_WARN_INFINITE_RECURSION = YES;
				CLANG_WARN_INT_CONVERSION = YES;
				CLANG_WARN_NON_LITERAL_NULL_CONVERSION = YES;
				CLANG_WARN_OBJC_IMPLICIT_RETAIN_SELF = YES;
				CLANG_WARN_OBJC_LITERAL_CONVERSION = YES;
				CLANG_WARN_OBJC_ROOT_CLASS = YES_ERROR;
				CLANG_WARN_QUOTED_INCLUDE_IN_FRAMEWORK_HEADER = YES;
				CLANG_WARN_RANGE_LOOP_ANALYSIS = YES;
				CLANG_WARN_STRICT_PROTOTYPES = YES;
				CLANG_WARN_SUSPICIOUS_MOVE = YES;
				CLANG_WARN_UNGUARDED_AVAILABILITY = YES_AGGRESSIVE;
				CLANG_WARN_UNREACHABLE_CODE = YES;
				CLANG_WARN__DUPLICATE_METHOD_MATCH = YES;
				COPY_PHASE_STRIP = NO;
				DEBUG_INFORMATION_FORMAT = "dwarf-with-dsym";
				ENABLE_NS_ASSERTIONS = NO;
				ENABLE_STRICT_OBJC_MSGSEND = YES;
				ENABLE_USER_SCRIPT_SANDBOXING = YES;
				GCC_C_LANGUAGE_STANDARD = gnu17;
				GCC_NO_COMMON_BLOCKS = YES;
				GCC_WARN_64_TO_32_BIT_CONVERSION = YES;
				GCC_WARN_ABOUT_RETURN_TYPE = YES_ERROR;
				GCC_WARN_UNDECLARED_SELECTOR = YES;
				GCC_WARN_UNINITIALIZED_AUTOS = YES_AGGRESSIVE;
				GCC_WARN_UNUSED_FUNCTION = YES;
				GCC_WARN_UNUSED_VARIABLE = YES;
				IPHONEOS_DEPLOYMENT_TARGET = 17.2;
				LOCALIZATION_PREFERS_STRING_CATALOGS = YES;
				MTL_ENABLE_DEBUG_INFO = NO;
				MTL_FAST_MATH = YES;
				SDKROOT = iphoneos;
				SWIFT_COMPILATION_MODE = wholemodule;
				VALIDATE_PRODUCT = YES;
			};
			name = Release;
		};
		2ED42B082BE3B89700818FF8 /* Debug */ = {
			isa = XCBuildConfiguration;
			buildSettings = {
				ASSETCATALOG_COMPILER_APPICON_NAME = AppIcon;
				ASSETCATALOG_COMPILER_GLOBAL_ACCENT_COLOR_NAME = AccentColor;
				CODE_SIGN_STYLE = Automatic;
				CURRENT_PROJECT_VERSION = 1;
				GENERATE_INFOPLIST_FILE = YES;
				INFOPLIST_FILE = Settings/Info.plist;
				INFOPLIST_KEY_UIApplicationSupportsIndirectInputEvents = YES;
				INFOPLIST_KEY_UILaunchStoryboardName = "";
				INFOPLIST_KEY_UISupportedInterfaceOrientations_iPad = "UIInterfaceOrientationPortrait UIInterfaceOrientationPortraitUpsideDown UIInterfaceOrientationLandscapeLeft UIInterfaceOrientationLandscapeRight";
				INFOPLIST_KEY_UISupportedInterfaceOrientations_iPhone = "UIInterfaceOrientationPortrait UIInterfaceOrientationLandscapeLeft UIInterfaceOrientationLandscapeRight";
				LD_RUNPATH_SEARCH_PATHS = (
					"$(inherited)",
					"@executable_path/Frameworks",
				);
				MARKETING_VERSION = 1.0;
				PRODUCT_BUNDLE_IDENTIFIER = kz.startios.Settings;
				PRODUCT_NAME = "$(TARGET_NAME)";
				SWIFT_EMIT_LOC_STRINGS = YES;
				SWIFT_VERSION = 5.0;
				TARGETED_DEVICE_FAMILY = "1,2";
			};
			name = Debug;
		};
		2ED42B092BE3B89700818FF8 /* Release */ = {
			isa = XCBuildConfiguration;
			buildSettings = {
				ASSETCATALOG_COMPILER_APPICON_NAME = AppIcon;
				ASSETCATALOG_COMPILER_GLOBAL_ACCENT_COLOR_NAME = AccentColor;
				CODE_SIGN_STYLE = Automatic;
				CURRENT_PROJECT_VERSION = 1;
				GENERATE_INFOPLIST_FILE = YES;
				INFOPLIST_FILE = Settings/Info.plist;
				INFOPLIST_KEY_UIApplicationSupportsIndirectInputEvents = YES;
				INFOPLIST_KEY_UILaunchStoryboardName = "";
				INFOPLIST_KEY_UISupportedInterfaceOrientations_iPad = "UIInterfaceOrientationPortrait UIInterfaceOrientationPortraitUpsideDown UIInterfaceOrientationLandscapeLeft UIInterfaceOrientationLandscapeRight";
				INFOPLIST_KEY_UISupportedInterfaceOrientations_iPhone = "UIInterfaceOrientationPortrait UIInterfaceOrientationLandscapeLeft UIInterfaceOrientationLandscapeRight";
				LD_RUNPATH_SEARCH_PATHS = (
					"$(inherited)",
					"@executable_path/Frameworks",
				);
				MARKETING_VERSION = 1.0;
				PRODUCT_BUNDLE_IDENTIFIER = kz.startios.Settings;
				PRODUCT_NAME = "$(TARGET_NAME)";
				SWIFT_EMIT_LOC_STRINGS = YES;
				SWIFT_VERSION = 5.0;
				TARGETED_DEVICE_FAMILY = "1,2";
			};
			name = Release;
		};
/* End XCBuildConfiguration section */

/* Begin XCConfigurationList section */
		2ED42AEE2BE3B89600818FF8 /* Build configuration list for PBXProject "Settings" */ = {
			isa = XCConfigurationList;
			buildConfigurations = (
				2ED42B052BE3B89700818FF8 /* Debug */,
				2ED42B062BE3B89700818FF8 /* Release */,
			);
			defaultConfigurationIsVisible = 0;
			defaultConfigurationName = Release;
		};
		2ED42B072BE3B89700818FF8 /* Build configuration list for PBXNativeTarget "Settings" */ = {
			isa = XCConfigurationList;
			buildConfigurations = (
				2ED42B082BE3B89700818FF8 /* Debug */,
				2ED42B092BE3B89700818FF8 /* Release */,
			);
			defaultConfigurationIsVisible = 0;
			defaultConfigurationName = Release;
		};
/* End XCConfigurationList section */

/* Begin XCRemoteSwiftPackageReference section */
		2ED42B152BE4261400818FF8 /* XCRemoteSwiftPackageReference "SnapKit" */ = {
			isa = XCRemoteSwiftPackageReference;
			repositoryURL = "https://github.com/SnapKit/SnapKit";
			requirement = {
				kind = upToNextMajorVersion;
				minimumVersion = 5.7.1;
			};
		};
/* End XCRemoteSwiftPackageReference section */

/* Begin XCSwiftPackageProductDependency section */
		2ED42B162BE4261400818FF8 /* SnapKit */ = {
			isa = XCSwiftPackageProductDependency;
			package = 2ED42B152BE4261400818FF8 /* XCRemoteSwiftPackageReference "SnapKit" */;
			productName = SnapKit;
		};
		2ED42B182BE4261400818FF8 /* SnapKit-Dynamic */ = {
			isa = XCSwiftPackageProductDependency;
			package = 2ED42B152BE4261400818FF8 /* XCRemoteSwiftPackageReference "SnapKit" */;
			productName = "SnapKit-Dynamic";
		};
/* End XCSwiftPackageProductDependency section */
	};
	rootObject = 2ED42AEB2BE3B89600818FF8 /* Project object */;
}
